# This file is automatically @generated by Cargo.
# It is not intended for manual editing.
version = 3

[[package]]
name = "html_editor"
version = "0.5.1"
source = "registry+https://github.com/rust-lang/crates.io-index"
checksum = "7b3dc5b7c9b486d6c25eaf1d05befc584b8baa182a3f292de506aa968c65410f"

[[package]]
name = "readmers"
version = "0.1.0"
dependencies = [
 "html_editor",
]
